{
    "_meta": {
        "hash": {
            "sha256": "5f7354788c35779de52ade2284cdd7b6ad00998844433dce7abcee0a3428160d"
        },
        "pipfile-spec": 6,
        "requires": {
            "python_version": "3.12"
        },
        "sources": [
            {
                "name": "pypi",
                "url": "https://pypi.org/simple",
                "verify_ssl": true
            }
        ]
    },
    "default": {
        "windows-curses": {
            "hashes": [
                "sha256:0c32be4aa97887febff175a8a6b3deeecc06c1a3f47ecbb5f62de6bf4165d6db",
                "sha256:342b786c82fda5f9592593b2f8f4078de40b31baaf331be57af4c3c9a2e40061",
                "sha256:441189fb71c455ed0575ffb1b840d5857c01c4dda441cbbbd34a6216e7207bfa",
                "sha256:4621042a28f48e2240314a624eb36f18121483d47f12c488cad9670f402ba6d7",
                "sha256:525fa12689aa54cd8e4cfa6d03f3d4d336f2e9ef0b6db4fdb4d3c1b22a71180b",
                "sha256:6771fb73f5a66d281a6f5e474dcfe07a4dd64460ff17c72ed9dd35fdf65fbfc8",
                "sha256:68d633cdb7e82ec207184ab3be74c058e184cd34f76407801cf451be4ee85861",
                "sha256:6f481322360dbcdfa37b30654c89aa2920f4528eaefec3a50fa6a6d07be49069",
                "sha256:90fde3341b2361f45716cfbe44bd253ac6a07dfde7262f3afdcf7cc0285c35ac",
                "sha256:c77973c5af419c3d9bcb99908dc9791102813026d6abdda9236e44d9342c9579",
                "sha256:e165db84de30039f6da6bded9aa2f88e3c1ae7be11dc7c84416cbe6ba0ac4f29",
                "sha256:e1f137d347e300e6163fa0aa31f7a02f6da42e43a90ce423bc929fb06752385e",
                "sha256:f50d02833a7e7866b9f42d62febbdf83c6703575240e9bbdd1446d09d70505d3",
                "sha256:fcb0591fc6e647556f685327a6f3e6923afc8a16c35436665df692556b78e708"
            ],
            "index": "pypi",
            "version": "==2.4.0"
        }
    },
    "develop": {}
}
